
Microsoft Visual Studio Solution File, Format Version 12.00
# Visual Studio Version 17
VisualStudioVersion = 17.8.34322.80
MinimumVisualStudioVersion = 10.0.40219.1
Project("{9A19103F-16F7-4668-BE54-9A1E7A4F7556}") = "Demo", "Demo\Demo.csproj", "{D3E4866C-D0B1-4FA2-A423-0777F394EE2D}"
EndProject
Project("{9A19103F-16F7-4668-BE54-9A1E7A4F7556}") = "Demo.Client", "Demo.Client\Demo.Client.csproj", "{A303F5BD-DC20-4390-9A0A-CEC8AE4A6264}"
EndProject
Global
	GlobalSection(SolutionConfigurationPlatforms) = preSolution
		Debug|Any CPU = Debug|Any CPU
		Release|Any CPU = Release|Any CPU
	EndGlobalSection
	GlobalSection(ProjectConfigurationPlatforms) = postSolution
		{D3E4866C-D0B1-4FA2-A423-0777F394EE2D}.Debug|Any CPU.ActiveCfg = Debug|Any CPU
		{D3E4866C-D0B1-4FA2-A423-0777F394EE2D}.Debug|Any CPU.Build.0 = Debug|Any CPU
		{D3E4866C-D0B1-4FA2-A423-0777F394EE2D}.Release|Any CPU.ActiveCfg = Release|Any CPU
		{D3E4866C-D0B1-4FA2-A423-0777F394EE2D}.Release|Any CPU.Build.0 = Release|Any CPU
		{A303F5BD-DC20-4390-9A0A-CEC8AE4A6264}.Debug|Any CPU.ActiveCfg = Debug|Any CPU
		{A303F5BD-DC20-4390-9A0A-CEC8AE4A6264}.Debug|Any CPU.Build.0 = Debug|Any CPU
		{A303F5BD-DC20-4390-9A0A-CEC8AE4A6264}.Release|Any CPU.ActiveCfg = Release|Any CPU
		{A303F5BD-DC20-4390-9A0A-CEC8AE4A6264}.Release|Any CPU.Build.0 = Release|Any CPU
	EndGlobalSection
	GlobalSection(SolutionProperties) = preSolution
		HideSolutionNode = FALSE
	EndGlobalSection
	GlobalSection(ExtensibilityGlobals) = postSolution
		SolutionGuid = {6B0D416A-D681-4C44-816B-698D4C65EC0A}
	EndGlobalSection
EndGlobal
